PODS:
  - AFNetworking (3.2.1):
    - AFNetworking/NSURLSession (= 3.2.1)
    - AFNetworking/Reachability (= 3.2.1)
    - AFNetworking/Security (= 3.2.1)
    - AFNetworking/Serialization (= 3.2.1)
    - AFNetworking/UIKit (= 3.2.1)
  - AFNetworking/NSURLSession (3.2.1):
    - AFNetworking/Reachability
    - AFNetworking/Security
    - AFNetworking/Serialization
  - AFNetworking/Reachability (3.2.1)
  - AFNetworking/Security (3.2.1)
  - AFNetworking/Serialization (3.2.1)
  - AFNetworking/UIKit (3.2.1):
    - AFNetworking/NSURLSession
  - ASIHTTPRequest (1.8.2):
    - ASIHTTPRequest/ASIWebPageRequest (= 1.8.2)
    - ASIHTTPRequest/CloudFiles (= 1.8.2)
    - ASIHTTPRequest/Core (= 1.8.2)
    - ASIHTTPRequest/S3 (= 1.8.2)
  - ASIHTTPRequest/ASIWebPageRequest (1.8.2):
    - ASIHTTPRequest/Core
  - ASIHTTPRequest/CloudFiles (1.8.2):
    - ASIHTTPRequest/Core
  - ASIHTTPRequest/Core (1.8.2):
    - Reachability
  - ASIHTTPRequest/S3 (1.8.2):
    - ASIHTTPRequest/Core
  - IQKeyboardManager (4.0.13)
  - JKCategories (1.8.1):
    - JKCategories/CoreData (= 1.8.1)
    - JKCategories/CoreLocation (= 1.8.1)
    - JKCategories/Foundation (= 1.8.1)
    - JKCategories/MapKit (= 1.8.1)
    - JKCategories/QuartzCore (= 1.8.1)
    - JKCategories/UIKit (= 1.8.1)
  - JKCategories/CoreData (1.8.1):
    - JKCategories/CoreData/NSFetchRequest (= 1.8.1)
    - JKCategories/CoreData/NSManagedObject (= 1.8.1)
    - JKCategories/CoreData/NSManagedObjectContext (= 1.8.1)
  - JKCategories/CoreData/NSFetchRequest (1.8.1)
  - JKCategories/CoreData/NSManagedObject (1.8.1):
    - JKCategories/CoreData/NSManagedObjectContext
  - JKCategories/CoreData/NSManagedObjectContext (1.8.1):
    - JKCategories/CoreData/NSFetchRequest
  - JKCategories/CoreLocation (1.8.1):
    - JKCategories/CoreLocation/CLLocation (= 1.8.1)
  - JKCategories/CoreLocation/CLLocation (1.8.1)
  - JKCategories/Foundation (1.8.1):
    - JKCategories/Foundation/NSArray (= 1.8.1)
    - JKCategories/Foundation/NSBundle (= 1.8.1)
    - JKCategories/Foundation/NSData (= 1.8.1)
    - JKCategories/Foundation/NSDate (= 1.8.1)
    - JKCategories/Foundation/NSDateFormatter (= 1.8.1)
    - JKCategories/Foundation/NSDictionary (= 1.8.1)
    - JKCategories/Foundation/NSException (= 1.8.1)
    - JKCategories/Foundation/NSFileHandle (= 1.8.1)
    - JKCategories/Foundation/NSFileManager (= 1.8.1)
    - JKCategories/Foundation/NSHTTPCookieStorage (= 1.8.1)
    - JKCategories/Foundation/NSIndexPath (= 1.8.1)
    - JKCategories/Foundation/NSInvocation (= 1.8.1)
    - JKCategories/Foundation/NSNotificationCenter (= 1.8.1)
    - JKCategories/Foundation/NSNumber (= 1.8.1)
    - JKCategories/Foundation/NSObject (= 1.8.1)
    - JKCategories/Foundation/NSRunLoop (= 1.8.1)
    - JKCategories/Foundation/NSSet (= 1.8.1)
    - JKCategories/Foundation/NSString (= 1.8.1)
    - JKCategories/Foundation/NSTimer (= 1.8.1)
    - JKCategories/Foundation/NSURL (= 1.8.1)
    - JKCategories/Foundation/NSURLConnection (= 1.8.1)
    - JKCategories/Foundation/NSURLRequest (= 1.8.1)
    - JKCategories/Foundation/NSURLSession (= 1.8.1)
    - JKCategories/Foundation/NSUserDefaults (= 1.8.1)
  - JKCategories/Foundation/NSArray (1.8.1)
  - JKCategories/Foundation/NSBundle (1.8.1)
  - JKCategories/Foundation/NSData (1.8.1)
  - JKCategories/Foundation/NSDate (1.8.1)
  - JKCategories/Foundation/NSDateFormatter (1.8.1)
  - JKCategories/Foundation/NSDictionary (1.8.1)
  - JKCategories/Foundation/NSException (1.8.1)
  - JKCategories/Foundation/NSFileHandle (1.8.1)
  - JKCategories/Foundation/NSFileManager (1.8.1)
  - JKCategories/Foundation/NSHTTPCookieStorage (1.8.1)
  - JKCategories/Foundation/NSIndexPath (1.8.1)
  - JKCategories/Foundation/NSInvocation (1.8.1)
  - JKCategories/Foundation/NSNotificationCenter (1.8.1)
  - JKCategories/Foundation/NSNumber (1.8.1)
  - JKCategories/Foundation/NSObject (1.8.1)
  - JKCategories/Foundation/NSRunLoop (1.8.1)
  - JKCategories/Foundation/NSSet (1.8.1)
  - JKCategories/Foundation/NSString (1.8.1):
    - JKCategories/Foundation/NSData
  - JKCategories/Foundation/NSTimer (1.8.1)
  - JKCategories/Foundation/NSURL (1.8.1)
  - JKCategories/Foundation/NSURLConnection (1.8.1)
  - JKCategories/Foundation/NSURLRequest (1.8.1)
  - JKCategories/Foundation/NSURLSession (1.8.1)
  - JKCategories/Foundation/NSUserDefaults (1.8.1)
  - JKCategories/MapKit (1.8.1):
    - JKCategories/MapKit/MKMapView (= 1.8.1)
  - JKCategories/MapKit/MKMapView (1.8.1)
  - JKCategories/QuartzCore (1.8.1):
    - JKCategories/QuartzCore/CAAnimation (= 1.8.1)
    - JKCategories/QuartzCore/CALayer (= 1.8.1)
    - JKCategories/QuartzCore/CAMediaTimingFunction (= 1.8.1)
    - JKCategories/QuartzCore/CAShapeLayer (= 1.8.1)
    - JKCategories/QuartzCore/CATransaction (= 1.8.1)
  - JKCategories/QuartzCore/CAAnimation (1.8.1)
  - JKCategories/QuartzCore/CALayer (1.8.1)
  - JKCategories/QuartzCore/CAMediaTimingFunction (1.8.1)
  - JKCategories/QuartzCore/CAShapeLayer (1.8.1)
  - JKCategories/QuartzCore/CATransaction (1.8.1)
  - JKCategories/UIKit (1.8.1):
    - JKCategories/UIKit/UIAlertView (= 1.8.1)
    - JKCategories/UIKit/UIApplication (= 1.8.1)
    - JKCategories/UIKit/UIBarButtonItem (= 1.8.1)
    - JKCategories/UIKit/UIBezierPath (= 1.8.1)
    - JKCategories/UIKit/UIButton (= 1.8.1)
    - JKCategories/UIKit/UIColor (= 1.8.1)
    - JKCategories/UIKit/UIControl (= 1.8.1)
    - JKCategories/UIKit/UIDevice (= 1.8.1)
    - JKCategories/UIKit/UIFont (= 1.8.1)
    - JKCategories/UIKit/UIImage (= 1.8.1)
    - JKCategories/UIKit/UIImageView (= 1.8.1)
    - JKCategories/UIKit/UILable (= 1.8.1)
    - JKCategories/UIKit/UINavigationBar (= 1.8.1)
    - JKCategories/UIKit/UINavigationController (= 1.8.1)
    - JKCategories/UIKit/UINavigationItem (= 1.8.1)
    - JKCategories/UIKit/UIPopoverController (= 1.8.1)
    - JKCategories/UIKit/UIResponder (= 1.8.1)
    - JKCategories/UIKit/UIScreen (= 1.8.1)
    - JKCategories/UIKit/UIScrollView (= 1.8.1)
    - JKCategories/UIKit/UISearchBar (= 1.8.1)
    - JKCategories/UIKit/UISplitViewController (= 1.8.1)
    - JKCategories/UIKit/UITableView (= 1.8.1)
    - JKCategories/UIKit/UITableViewCell (= 1.8.1)
    - JKCategories/UIKit/UITextField (= 1.8.1)
    - JKCategories/UIKit/UITextView (= 1.8.1)
    - JKCategories/UIKit/UIView (= 1.8.1)
    - JKCategories/UIKit/UIViewController (= 1.8.1)
    - JKCategories/UIKit/UIWebView (= 1.8.1)
    - JKCategories/UIKit/UIWindow (= 1.8.1)
  - JKCategories/UIKit/UIAlertView (1.8.1)
  - JKCategories/UIKit/UIApplication (1.8.1)
  - JKCategories/UIKit/UIBarButtonItem (1.8.1)
  - JKCategories/UIKit/UIBezierPath (1.8.1)
  - JKCategories/UIKit/UIButton (1.8.1)
  - JKCategories/UIKit/UIColor (1.8.1)
  - JKCategories/UIKit/UIControl (1.8.1)
  - JKCategories/UIKit/UIDevice (1.8.1)
  - JKCategories/UIKit/UIFont (1.8.1)
  - JKCategories/UIKit/UIImage (1.8.1)
  - JKCategories/UIKit/UIImageView (1.8.1)
  - JKCategories/UIKit/UILable (1.8.1)
  - JKCategories/UIKit/UINavigationBar (1.8.1)
  - JKCategories/UIKit/UINavigationController (1.8.1)
  - JKCategories/UIKit/UINavigationItem (1.8.1)
  - JKCategories/UIKit/UIPopoverController (1.8.1)
  - JKCategories/UIKit/UIResponder (1.8.1)
  - JKCategories/UIKit/UIScreen (1.8.1)
  - JKCategories/UIKit/UIScrollView (1.8.1)
  - JKCategories/UIKit/UISearchBar (1.8.1)
  - JKCategories/UIKit/UISplitViewController (1.8.1)
  - JKCategories/UIKit/UITableView (1.8.1)
  - JKCategories/UIKit/UITableViewCell (1.8.1)
  - JKCategories/UIKit/UITextField (1.8.1)
  - JKCategories/UIKit/UITextView (1.8.1)
  - JKCategories/UIKit/UIView (1.8.1)
  - JKCategories/UIKit/UIViewController (1.8.1)
  - JKCategories/UIKit/UIWebView (1.8.1):
    - JKCategories/UIKit/UIColor
  - JKCategories/UIKit/UIWindow (1.8.1)
  - Masonry (1.1.0)
  - MJExtension (3.1.0)
  - MJRefresh (3.2.0)
  - Reachability (3.2)
  - ReactiveObjC (3.1.1)
  - SDCycleScrollView (1.80):
    - SDWebImage (>= 5.0.0)
  - SDWebImage (5.0.6):
    - SDWebImage/Core (= 5.0.6)
  - SDWebImage/Core (5.0.6)
  - SVProgressHUD (2.2.5)
  - YYKit (1.0.9):
    - YYKit/no-arc (= 1.0.9)
  - YYKit/no-arc (1.0.9)

DEPENDENCIES:
  - AFNetworking
  - ASIHTTPRequest
  - IQKeyboardManager (~> 4.0.0)
  - JKCategories
  - Masonry
  - MJExtension
  - MJRefresh
  - ReactiveObjC
  - SDCycleScrollView
  - SDWebImage
  - SVProgressHUD
  - YYKit

SPEC REPOS:
  https://github.com/cocoapods/specs.git:
    - AFNetworking
    - ASIHTTPRequest
    - IQKeyboardManager
    - JKCategories
    - Masonry
    - MJExtension
    - MJRefresh
    - Reachability
    - ReactiveObjC
    - SDCycleScrollView
    - SDWebImage
    - SVProgressHUD
    - YYKit

SPEC CHECKSUMS:
  AFNetworking: b6f891fdfaed196b46c7a83cf209e09697b94057
  ASIHTTPRequest: ec013992946676b7978dcbde6396d57312d21db4
  IQKeyboardManager: 8eab4d8111418414619d1df8e4779ce5d0f8d7e2
  JKCategories: d5fecfa4f790685ea20daea319f74a8701d4c3ab
  Masonry: 678fab65091a9290e40e2832a55e7ab731aad201
  MJExtension: 6b69b3bef2864fd550ce1a184eda219e321209d2
  MJRefresh: ed450d6eb9d3346a2cb033ab7eb6de090aeef437
  Reachability: 33e18b67625424e47b6cde6d202dce689ad7af96
  ReactiveObjC: 011caa393aa0383245f2dcf9bf02e86b80b36040
  SDCycleScrollView: b3c9a5ed840c771c4938978174c7c9d9feefeb96
  SDWebImage: 920f1a2ff1ca8296ad34f6e0510a1ef1d70ac965
  SVProgressHUD: 1428aafac632c1f86f62aa4243ec12008d7a51d6
  YYKit: 7cda43304a8dc3696c449041e2cb3107b4e236e7

PODFILE CHECKSUM: 7c5f0524e94ec3b06ee4bd31838d0912afb82231

COCOAPODS: 1.7.5
